
Microsoft Visual Studio Solution File, Format Version 12.00
# Visual Studio Version 17
VisualStudioVersion = 17.11.35208.52
MinimumVisualStudioVersion = 10.0.40219.1
Project("{9A19103F-16F7-4668-BE54-9A1E7A4F7556}") = "Maomi.Torch", "src\Maomi.Torch\Maomi.Torch.csproj", "{90F456EB-A165-4347-9F2D-C4B1D105D8F1}"
EndProject
Project("{9A19103F-16F7-4668-BE54-9A1E7A4F7556}") = "Maomi.ScottPlot.Winforms", "src\Maomi.ScottPlot.Winforms\Maomi.ScottPlot.Winforms.csproj", "{D39AEDF4-24CB-4C11-A450-680C0B369FDD}"
EndProject
Project("{FAE04EC0-301F-11D3-BF4B-00C04F79EFBC}") = "Maomi.Torch.ScottPlot", "src\Maomi.Torch.ScottPlot\Maomi.Torch.ScottPlot.csproj", "{7E7C6AD2-1E87-435E-AD66-7B13FF083774}"
EndProject
Global
	GlobalSection(SolutionConfigurationPlatforms) = preSolution
		Debug|Any CPU = Debug|Any CPU
		Release|Any CPU = Release|Any CPU
	EndGlobalSection
	GlobalSection(ProjectConfigurationPlatforms) = postSolution
		{90F456EB-A165-4347-9F2D-C4B1D105D8F1}.Debug|Any CPU.ActiveCfg = Debug|Any CPU
		{90F456EB-A165-4347-9F2D-C4B1D105D8F1}.Debug|Any CPU.Build.0 = Debug|Any CPU
		{90F456EB-A165-4347-9F2D-C4B1D105D8F1}.Release|Any CPU.ActiveCfg = Release|Any CPU
		{90F456EB-A165-4347-9F2D-C4B1D105D8F1}.Release|Any CPU.Build.0 = Release|Any CPU
		{D39AEDF4-24CB-4C11-A450-680C0B369FDD}.Debug|Any CPU.ActiveCfg = Debug|Any CPU
		{D39AEDF4-24CB-4C11-A450-680C0B369FDD}.Debug|Any CPU.Build.0 = Debug|Any CPU
		{D39AEDF4-24CB-4C11-A450-680C0B369FDD}.Release|Any CPU.ActiveCfg = Release|Any CPU
		{D39AEDF4-24CB-4C11-A450-680C0B369FDD}.Release|Any CPU.Build.0 = Release|Any CPU
		{7E7C6AD2-1E87-435E-AD66-7B13FF083774}.Debug|Any CPU.ActiveCfg = Debug|Any CPU
		{7E7C6AD2-1E87-435E-AD66-7B13FF083774}.Debug|Any CPU.Build.0 = Debug|Any CPU
		{7E7C6AD2-1E87-435E-AD66-7B13FF083774}.Release|Any CPU.ActiveCfg = Release|Any CPU
		{7E7C6AD2-1E87-435E-AD66-7B13FF083774}.Release|Any CPU.Build.0 = Release|Any CPU
	EndGlobalSection
	GlobalSection(SolutionProperties) = preSolution
		HideSolutionNode = FALSE
	EndGlobalSection
	GlobalSection(ExtensibilityGlobals) = postSolution
		SolutionGuid = {37F4B8D2-B0BE-4FB5-A586-042A8F3BA54E}
	EndGlobalSection
EndGlobal
