{
  "name": "cs_pytorch",
  "lockfileVersion": 3,
  "requires": true,
  "packages": {
    "": {
      "dependencies": {
        "gitbook-plugin-katex-maomi": "^0.16.115",
        "gitbook-plugin-katex-mhchem": "^0.16.9",
        "graceful-fs": "^4.2.11"
      }
    },
    "node_modules/commander": {
      "version": "8.3.0",
      "license": "MIT",
      "engines": {
        "node": ">= 12"
      }
    },
    "node_modules/gitbook-plugin-katex-maomi": {
      "version": "0.16.115",
      "resolved": "https://registry.npmjs.org/gitbook-plugin-katex-maomi/-/gitbook-plugin-katex-maomi-0.16.115.tgz",
      "integrity": "sha512-qyHxtekWAquKBtLosAbZTsBFP9tKDECAklWpUedh47WVVC0r0UZC2wlFzrnWZTl09aWfO4P7Cvy1dHg2wh9fZg==",
      "license": "Apache-2.0",
      "dependencies": {
        "katex": "0.16.11"
      },
      "engines": {
        "gitbook": ">=3.0.0"
      }
    },
    "node_modules/gitbook-plugin-katex-maomi/node_modules/katex": {
      "version": "0.16.11",
      "funding": [
        "https://opencollective.com/katex",
        "https://github.com/sponsors/katex"
      ],
      "license": "MIT",
      "dependencies": {
        "commander": "^8.3.0"
      },
      "bin": {
        "katex": "cli.js"
      }
    },
    "node_modules/gitbook-plugin-katex-mhchem": {
      "version": "0.16.9",
      "license": "Apache-2.0",
      "dependencies": {
        "katex": "0.16.9"
      },
      "engines": {
        "gitbook": ">=3.0.0"
      }
    },
    "node_modules/graceful-fs": {
      "version": "4.2.11",
      "license": "ISC"
    },
    "node_modules/katex": {
      "version": "0.16.9",
      "funding": [
        "https://opencollective.com/katex",
        "https://github.com/sponsors/katex"
      ],
      "license": "MIT",
      "dependencies": {
        "commander": "^8.3.0"
      },
      "bin": {
        "katex": "cli.js"
      }
    }
  }
}
