
Microsoft Visual Studio Solution File, Format Version 12.00
# Visual Studio Version 17
VisualStudioVersion = 17.11.35208.52
MinimumVisualStudioVersion = 10.0.40219.1
Project("{9A19103F-16F7-4668-BE54-9A1E7A4F7556}") = "Maomi.Torch", "src\Maomi.Torch\Maomi.Torch.csproj", "{90F456EB-A165-4347-9F2D-C4B1D105D8F1}"
EndProject
Project("{9A19103F-16F7-4668-BE54-9A1E7A4F7556}") = "Maomi.ScottPlot.Winforms", "src\Maomi.ScottPlot.Winforms\Maomi.ScottPlot.Winforms.csproj", "{D39AEDF4-24CB-4C11-A450-680C0B369FDD}"
EndProject
Project("{9A19103F-16F7-4668-BE54-9A1E7A4F7556}") = "Maomi.Torch.ScottPlot", "src\Maomi.Torch.ScottPlot\Maomi.Torch.ScottPlot.csproj", "{7E7C6AD2-1E87-435E-AD66-7B13FF083774}"
EndProject
Project("{2150E333-8FDC-42A3-9474-1A3956D46DE8}") = "src", "src", "{9A87C325-8362-4AE9-B9D9-A8141A93CB24}"
EndProject
Project("{2150E333-8FDC-42A3-9474-1A3956D46DE8}") = "examples", "examples", "{4CCEC2E0-F0FD-4FD1-A100-948F0E295109}"
EndProject
Project("{9A19103F-16F7-4668-BE54-9A1E7A4F7556}") = "example2.2", "examples\example2.2\example2.2.csproj", "{C7DBE0A7-9522-4894-B78C-B04DCBD85039}"
EndProject
Project("{9A19103F-16F7-4668-BE54-9A1E7A4F7556}") = "example2.3", "examples\example2.3\example2.3.csproj", "{13FF0C95-96BB-40E1-8DBC-8340E6B18593}"
EndProject
Project("{9A19103F-16F7-4668-BE54-9A1E7A4F7556}") = "example2.3.1", "examples\example2.3.1\example2.3.1.csproj", "{EBFAA77A-1699-4847-BB44-BD55E264F80A}"
EndProject
Project("{9A19103F-16F7-4668-BE54-9A1E7A4F7556}") = "ConsoleApp1", "examples\ConsoleApp1\ConsoleApp1.csproj", "{F00113D3-86F7-49FB-B4EB-01C530DCDE32}"
EndProject
Project("{FAE04EC0-301F-11D3-BF4B-00C04F79EFBC}") = "ConsoleApp2", "examples\ConsoleApp2\ConsoleApp2.csproj", "{40B0C6EA-66F9-4058-A921-C0630AF088A6}"
EndProject
Project("{FAE04EC0-301F-11D3-BF4B-00C04F79EFBC}") = "Maomi.Torch.Tests", "src\Maomi.Torch.Tests\Maomi.Torch.Tests.csproj", "{F31BA131-482C-487F-9CEC-4EE8BC27EC82}"
EndProject
Global
	GlobalSection(SolutionConfigurationPlatforms) = preSolution
		Debug|Any CPU = Debug|Any CPU
		Release|Any CPU = Release|Any CPU
	EndGlobalSection
	GlobalSection(ProjectConfigurationPlatforms) = postSolution
		{90F456EB-A165-4347-9F2D-C4B1D105D8F1}.Debug|Any CPU.ActiveCfg = Debug|Any CPU
		{90F456EB-A165-4347-9F2D-C4B1D105D8F1}.Debug|Any CPU.Build.0 = Debug|Any CPU
		{90F456EB-A165-4347-9F2D-C4B1D105D8F1}.Release|Any CPU.ActiveCfg = Release|Any CPU
		{90F456EB-A165-4347-9F2D-C4B1D105D8F1}.Release|Any CPU.Build.0 = Release|Any CPU
		{D39AEDF4-24CB-4C11-A450-680C0B369FDD}.Debug|Any CPU.ActiveCfg = Debug|Any CPU
		{D39AEDF4-24CB-4C11-A450-680C0B369FDD}.Debug|Any CPU.Build.0 = Debug|Any CPU
		{D39AEDF4-24CB-4C11-A450-680C0B369FDD}.Release|Any CPU.ActiveCfg = Release|Any CPU
		{D39AEDF4-24CB-4C11-A450-680C0B369FDD}.Release|Any CPU.Build.0 = Release|Any CPU
		{7E7C6AD2-1E87-435E-AD66-7B13FF083774}.Debug|Any CPU.ActiveCfg = Debug|Any CPU
		{7E7C6AD2-1E87-435E-AD66-7B13FF083774}.Debug|Any CPU.Build.0 = Debug|Any CPU
		{7E7C6AD2-1E87-435E-AD66-7B13FF083774}.Release|Any CPU.ActiveCfg = Release|Any CPU
		{7E7C6AD2-1E87-435E-AD66-7B13FF083774}.Release|Any CPU.Build.0 = Release|Any CPU
		{C7DBE0A7-9522-4894-B78C-B04DCBD85039}.Debug|Any CPU.ActiveCfg = Debug|Any CPU
		{C7DBE0A7-9522-4894-B78C-B04DCBD85039}.Debug|Any CPU.Build.0 = Debug|Any CPU
		{C7DBE0A7-9522-4894-B78C-B04DCBD85039}.Release|Any CPU.ActiveCfg = Release|Any CPU
		{C7DBE0A7-9522-4894-B78C-B04DCBD85039}.Release|Any CPU.Build.0 = Release|Any CPU
		{13FF0C95-96BB-40E1-8DBC-8340E6B18593}.Debug|Any CPU.ActiveCfg = Debug|Any CPU
		{13FF0C95-96BB-40E1-8DBC-8340E6B18593}.Debug|Any CPU.Build.0 = Debug|Any CPU
		{13FF0C95-96BB-40E1-8DBC-8340E6B18593}.Release|Any CPU.ActiveCfg = Release|Any CPU
		{13FF0C95-96BB-40E1-8DBC-8340E6B18593}.Release|Any CPU.Build.0 = Release|Any CPU
		{EBFAA77A-1699-4847-BB44-BD55E264F80A}.Debug|Any CPU.ActiveCfg = Debug|Any CPU
		{EBFAA77A-1699-4847-BB44-BD55E264F80A}.Debug|Any CPU.Build.0 = Debug|Any CPU
		{EBFAA77A-1699-4847-BB44-BD55E264F80A}.Release|Any CPU.ActiveCfg = Release|Any CPU
		{EBFAA77A-1699-4847-BB44-BD55E264F80A}.Release|Any CPU.Build.0 = Release|Any CPU
		{F00113D3-86F7-49FB-B4EB-01C530DCDE32}.Debug|Any CPU.ActiveCfg = Debug|Any CPU
		{F00113D3-86F7-49FB-B4EB-01C530DCDE32}.Debug|Any CPU.Build.0 = Debug|Any CPU
		{F00113D3-86F7-49FB-B4EB-01C530DCDE32}.Release|Any CPU.ActiveCfg = Release|Any CPU
		{F00113D3-86F7-49FB-B4EB-01C530DCDE32}.Release|Any CPU.Build.0 = Release|Any CPU
		{40B0C6EA-66F9-4058-A921-C0630AF088A6}.Debug|Any CPU.ActiveCfg = Debug|Any CPU
		{40B0C6EA-66F9-4058-A921-C0630AF088A6}.Debug|Any CPU.Build.0 = Debug|Any CPU
		{40B0C6EA-66F9-4058-A921-C0630AF088A6}.Release|Any CPU.ActiveCfg = Release|Any CPU
		{40B0C6EA-66F9-4058-A921-C0630AF088A6}.Release|Any CPU.Build.0 = Release|Any CPU
		{F31BA131-482C-487F-9CEC-4EE8BC27EC82}.Debug|Any CPU.ActiveCfg = Debug|Any CPU
		{F31BA131-482C-487F-9CEC-4EE8BC27EC82}.Debug|Any CPU.Build.0 = Debug|Any CPU
		{F31BA131-482C-487F-9CEC-4EE8BC27EC82}.Release|Any CPU.ActiveCfg = Release|Any CPU
		{F31BA131-482C-487F-9CEC-4EE8BC27EC82}.Release|Any CPU.Build.0 = Release|Any CPU
	EndGlobalSection
	GlobalSection(SolutionProperties) = preSolution
		HideSolutionNode = FALSE
	EndGlobalSection
	GlobalSection(NestedProjects) = preSolution
		{90F456EB-A165-4347-9F2D-C4B1D105D8F1} = {9A87C325-8362-4AE9-B9D9-A8141A93CB24}
		{D39AEDF4-24CB-4C11-A450-680C0B369FDD} = {9A87C325-8362-4AE9-B9D9-A8141A93CB24}
		{7E7C6AD2-1E87-435E-AD66-7B13FF083774} = {9A87C325-8362-4AE9-B9D9-A8141A93CB24}
		{C7DBE0A7-9522-4894-B78C-B04DCBD85039} = {4CCEC2E0-F0FD-4FD1-A100-948F0E295109}
		{13FF0C95-96BB-40E1-8DBC-8340E6B18593} = {4CCEC2E0-F0FD-4FD1-A100-948F0E295109}
		{EBFAA77A-1699-4847-BB44-BD55E264F80A} = {4CCEC2E0-F0FD-4FD1-A100-948F0E295109}
		{F00113D3-86F7-49FB-B4EB-01C530DCDE32} = {4CCEC2E0-F0FD-4FD1-A100-948F0E295109}
		{40B0C6EA-66F9-4058-A921-C0630AF088A6} = {4CCEC2E0-F0FD-4FD1-A100-948F0E295109}
		{F31BA131-482C-487F-9CEC-4EE8BC27EC82} = {9A87C325-8362-4AE9-B9D9-A8141A93CB24}
	EndGlobalSection
	GlobalSection(ExtensibilityGlobals) = postSolution
		SolutionGuid = {37F4B8D2-B0BE-4FB5-A586-042A8F3BA54E}
	EndGlobalSection
EndGlobal
